// !$*UTF8*$!
{
	archiveVersion = 1;
	classes = {
	};
	objectVersion = 56;
	objects = {

/* Begin PBXBuildFile section */
		3668148A29E7FEAB001FCD89 /* AppDelegate.swift in Sources */ = {isa = PBXBuildFile; fileRef = 3668148929E7FEAB001FCD89 /* AppDelegate.swift */; };
		3668148C29E7FEAB001FCD89 /* SceneDelegate.swift in Sources */ = {isa = PBXBuildFile; fileRef = 3668148B29E7FEAB001FCD89 /* SceneDelegate.swift */; };
		3668148E29E7FEAB001FCD89 /* ViewController.swift in Sources */ = {isa = PBXBuildFile; fileRef = 3668148D29E7FEAB001FCD89 /* ViewController.swift */; };
		3668149129E7FEAB001FCD89 /* Main.storyboard in Resources */ = {isa = PBXBuildFile; fileRef = 3668148F29E7FEAB001FCD89 /* Main.storyboard */; };
		3668149329E7FEAC001FCD89 /* Assets.xcassets in Resources */ = {isa = PBXBuildFile; fileRef = 3668149229E7FEAC001FCD89 /* Assets.xcassets */; };
		3668149629E7FEAC001FCD89 /* LaunchScreen.storyboard in Resources */ = {isa = PBXBuildFile; fileRef = 3668149429E7FEAC001FCD89 /* LaunchScreen.storyboard */; };
		366814A729E7FFC4001FCD89 /* Window.docc in Sources */ = {isa = PBXBuildFile; fileRef = 366814A629E7FFC4001FCD89 /* Window.docc */; };
		366814A829E7FFC4001FCD89 /* Window.h in Headers */ = {isa = PBXBuildFile; fileRef = 366814A529E7FFC4001FCD89 /* Window.h */; settings = {ATTRIBUTES = (Public, ); }; };
		366814AB29E7FFC4001FCD89 /* Window.framework in Frameworks */ = {isa = PBXBuildFile; fileRef = 366814A329E7FFC4001FCD89 /* Window.framework */; };
		366814AC29E7FFC4001FCD89 /* Window.framework in Embed Frameworks */ = {isa = PBXBuildFile; fileRef = 366814A329E7FFC4001FCD89 /* Window.framework */; settings = {ATTRIBUTES = (CodeSignOnCopy, RemoveHeadersOnCopy, ); }; };
		366814B229E800AB001FCD89 /* Window.swift in Sources */ = {isa = PBXBuildFile; fileRef = 366814B129E800AB001FCD89 /* Window.swift */; };
		366814B429E80134001FCD89 /* Presenter.swift in Sources */ = {isa = PBXBuildFile; fileRef = 366814B329E80134001FCD89 /* Presenter.swift */; };
		366814B629E801FD001FCD89 /* Router.swift in Sources */ = {isa = PBXBuildFile; fileRef = 366814B529E801FD001FCD89 /* Router.swift */; };
		366814B829E802F3001FCD89 /* Builder.swift in Sources */ = {isa = PBXBuildFile; fileRef = 366814B729E802F3001FCD89 /* Builder.swift */; };
		36AA40B129E8724800C53A6B /* Landing.storyboard in Resources */ = {isa = PBXBuildFile; fileRef = 36AA40B029E8724800C53A6B /* Landing.storyboard */; };
		36AA40B329E8727100C53A6B /* LandingViewController.swift in Sources */ = {isa = PBXBuildFile; fileRef = 36AA40B229E8727100C53A6B /* LandingViewController.swift */; };
		36AA40B529E872D600C53A6B /* Builder.swift in Sources */ = {isa = PBXBuildFile; fileRef = 36AA40B429E872D600C53A6B /* Builder.swift */; };
		36E7EE9029E80B6D0007361A /* Landing.docc in Sources */ = {isa = PBXBuildFile; fileRef = 36E7EE8F29E80B6D0007361A /* Landing.docc */; };
		36E7EE9129E80B6D0007361A /* Landing.h in Headers */ = {isa = PBXBuildFile; fileRef = 36E7EE8E29E80B6D0007361A /* Landing.h */; settings = {ATTRIBUTES = (Public, ); }; };
		36E7EE9429E80B6D0007361A /* Landing.framework in Frameworks */ = {isa = PBXBuildFile; fileRef = 36E7EE8C29E80B6D0007361A /* Landing.framework */; };
		36E7EE9529E80B6D0007361A /* Landing.framework in Embed Frameworks */ = {isa = PBXBuildFile; fileRef = 36E7EE8C29E80B6D0007361A /* Landing.framework */; settings = {ATTRIBUTES = (CodeSignOnCopy, RemoveHeadersOnCopy, ); }; };
/* End PBXBuildFile section */

/* Begin PBXContainerItemProxy section */
		366814A929E7FFC4001FCD89 /* PBXContainerItemProxy */ = {
			isa = PBXContainerItemProxy;
			containerPortal = 3668147E29E7FEAB001FCD89 /* Project object */;
			proxyType = 1;
			remoteGlobalIDString = 366814A229E7FFC4001FCD89;
			remoteInfo = Window;
		};
		36E7EE9229E80B6D0007361A /* PBXContainerItemProxy */ = {
			isa = PBXContainerItemProxy;
			containerPortal = 3668147E29E7FEAB001FCD89 /* Project object */;
			proxyType = 1;
			remoteGlobalIDString = 36E7EE8B29E80B6D0007361A;
			remoteInfo = Landing;
		};
/* End PBXContainerItemProxy section */

/* Begin PBXCopyFilesBuildPhase section */
		366814B029E7FFC4001FCD89 /* Embed Frameworks */ = {
			isa = PBXCopyFilesBuildPhase;
			buildActionMask = 2147483647;
			dstPath = "";
			dstSubfolderSpec = 10;
			files = (
				36E7EE9529E80B6D0007361A /* Landing.framework in Embed Frameworks */,
				366814AC29E7FFC4001FCD89 /* Window.framework in Embed Frameworks */,
			);
			name = "Embed Frameworks";
			runOnlyForDeploymentPostprocessing = 0;
		};
/* End PBXCopyFilesBuildPhase section */

/* Begin PBXFileReference section */
		3668148629E7FEAB001FCD89 /* ChitChat.app */ = {isa = PBXFileReference; explicitFileType = wrapper.application; includeInIndex = 0; path = ChitChat.app; sourceTree = BUILT_PRODUCTS_DIR; };
		3668148929E7FEAB001FCD89 /* AppDelegate.swift */ = {isa = PBXFileReference; lastKnownFileType = sourcecode.swift; path = AppDelegate.swift; sourceTree = "<group>"; };
		3668148B29E7FEAB001FCD89 /* SceneDelegate.swift */ = {isa = PBXFileReference; lastKnownFileType = sourcecode.swift; path = SceneDelegate.swift; sourceTree = "<group>"; };
		3668148D29E7FEAB001FCD89 /* ViewController.swift */ = {isa = PBXFileReference; lastKnownFileType = sourcecode.swift; path = ViewController.swift; sourceTree = "<group>"; };
		3668149029E7FEAB001FCD89 /* Base */ = {isa = PBXFileReference; lastKnownFileType = file.storyboard; name = Base; path = Base.lproj/Main.storyboard; sourceTree = "<group>"; };
		3668149229E7FEAC001FCD89 /* Assets.xcassets */ = {isa = PBXFileReference; lastKnownFileType = folder.assetcatalog; path = Assets.xcassets; sourceTree = "<group>"; };
		3668149529E7FEAC001FCD89 /* Base */ = {isa = PBXFileReference; lastKnownFileType = file.storyboard; name = Base; path = Base.lproj/LaunchScreen.storyboard; sourceTree = "<group>"; };
		3668149729E7FEAC001FCD89 /* Info.plist */ = {isa = PBXFileReference; lastKnownFileType = text.plist.xml; path = Info.plist; sourceTree = "<group>"; };
		366814A329E7FFC4001FCD89 /* Window.framework */ = {isa = PBXFileReference; explicitFileType = wrapper.framework; includeInIndex = 0; path = Window.framework; sourceTree = BUILT_PRODUCTS_DIR; };
		366814A529E7FFC4001FCD89 /* Window.h */ = {isa = PBXFileReference; lastKnownFileType = sourcecode.c.h; path = Window.h; sourceTree = "<group>"; };
		366814A629E7FFC4001FCD89 /* Window.docc */ = {isa = PBXFileReference; lastKnownFileType = folder.documentationcatalog; path = Window.docc; sourceTree = "<group>"; };
		366814B129E800AB001FCD89 /* Window.swift */ = {isa = PBXFileReference; lastKnownFileType = sourcecode.swift; path = Window.swift; sourceTree = "<group>"; };
		366814B329E80134001FCD89 /* Presenter.swift */ = {isa = PBXFileReference; lastKnownFileType = sourcecode.swift; path = Presenter.swift; sourceTree = "<group>"; };
		366814B529E801FD001FCD89 /* Router.swift */ = {isa = PBXFileReference; lastKnownFileType = sourcecode.swift; path = Router.swift; sourceTree = "<group>"; };
		366814B729E802F3001FCD89 /* Builder.swift */ = {isa = PBXFileReference; lastKnownFileType = sourcecode.swift; path = Builder.swift; sourceTree = "<group>"; };
		36AA40B029E8724800C53A6B /* Landing.storyboard */ = {isa = PBXFileReference; lastKnownFileType = file.storyboard; path = Landing.storyboard; sourceTree = "<group>"; };
		36AA40B229E8727100C53A6B /* LandingViewController.swift */ = {isa = PBXFileReference; lastKnownFileType = sourcecode.swift; path = LandingViewController.swift; sourceTree = "<group>"; };
		36AA40B429E872D600C53A6B /* Builder.swift */ = {isa = PBXFileReference; lastKnownFileType = sourcecode.swift; path = Builder.swift; sourceTree = "<group>"; };
		36E7EE8C29E80B6D0007361A /* Landing.framework */ = {isa = PBXFileReference; explicitFileType = wrapper.framework; includeInIndex = 0; path = Landing.framework; sourceTree = BUILT_PRODUCTS_DIR; };
		36E7EE8E29E80B6D0007361A /* Landing.h */ = {isa = PBXFileReference; lastKnownFileType = sourcecode.c.h; path = Landing.h; sourceTree = "<group>"; };
		36E7EE8F29E80B6D0007361A /* Landing.docc */ = {isa = PBXFileReference; lastKnownFileType = folder.documentationcatalog; path = Landing.docc; sourceTree = "<group>"; };
/* End PBXFileReference section */

/* Begin PBXFrameworksBuildPhase section */
		3668148329E7FEAB001FCD89 /* Frameworks */ = {
			isa = PBXFrameworksBuildPhase;
			buildActionMask = 2147483647;
			files = (
				36E7EE9429E80B6D0007361A /* Landing.framework in Frameworks */,
				366814AB29E7FFC4001FCD89 /* Window.framework in Frameworks */,
			);
			runOnlyForDeploymentPostprocessing = 0;
		};
		366814A029E7FFC4001FCD89 /* Frameworks */ = {
			isa = PBXFrameworksBuildPhase;
			buildActionMask = 2147483647;
			files = (
			);
			runOnlyForDeploymentPostprocessing = 0;
		};
		36E7EE8929E80B6D0007361A /* Frameworks */ = {
			isa = PBXFrameworksBuildPhase;
			buildActionMask = 2147483647;
			files = (
			);
			runOnlyForDeploymentPostprocessing = 0;
		};
/* End PBXFrameworksBuildPhase section */

/* Begin PBXGroup section */
		3668147D29E7FEAB001FCD89 = {
			isa = PBXGroup;
			children = (
				3668148829E7FEAB001FCD89 /* ChitChat */,
				3668148729E7FEAB001FCD89 /* Products */,
			);
			sourceTree = "<group>";
		};
		3668148729E7FEAB001FCD89 /* Products */ = {
			isa = PBXGroup;
			children = (
				3668148629E7FEAB001FCD89 /* ChitChat.app */,
				366814A329E7FFC4001FCD89 /* Window.framework */,
				36E7EE8C29E80B6D0007361A /* Landing.framework */,
			);
			name = Products;
			sourceTree = "<group>";
		};
		3668148829E7FEAB001FCD89 /* ChitChat */ = {
			isa = PBXGroup;
			children = (
				3668149D29E7FF4E001FCD89 /* Modules */,
				3668148929E7FEAB001FCD89 /* AppDelegate.swift */,
				3668148B29E7FEAB001FCD89 /* SceneDelegate.swift */,
				3668148D29E7FEAB001FCD89 /* ViewController.swift */,
				3668148F29E7FEAB001FCD89 /* Main.storyboard */,
				3668149229E7FEAC001FCD89 /* Assets.xcassets */,
				3668149429E7FEAC001FCD89 /* LaunchScreen.storyboard */,
				3668149729E7FEAC001FCD89 /* Info.plist */,
			);
			path = ChitChat;
			sourceTree = "<group>";
		};
		3668149D29E7FF4E001FCD89 /* Modules */ = {
			isa = PBXGroup;
			children = (
				36E7EE8D29E80B6D0007361A /* Landing */,
				366814A429E7FFC4001FCD89 /* Window */,
			);
			path = Modules;
			sourceTree = "<group>";
		};
		366814A429E7FFC4001FCD89 /* Window */ = {
			isa = PBXGroup;
			children = (
				366814A529E7FFC4001FCD89 /* Window.h */,
				366814A629E7FFC4001FCD89 /* Window.docc */,
				366814B129E800AB001FCD89 /* Window.swift */,
				366814B329E80134001FCD89 /* Presenter.swift */,
				366814B529E801FD001FCD89 /* Router.swift */,
				366814B729E802F3001FCD89 /* Builder.swift */,
			);
			path = Window;
			sourceTree = "<group>";
		};
		36E7EE8D29E80B6D0007361A /* Landing */ = {
			isa = PBXGroup;
			children = (
				36E7EE8E29E80B6D0007361A /* Landing.h */,
				36E7EE8F29E80B6D0007361A /* Landing.docc */,
				36AA40B029E8724800C53A6B /* Landing.storyboard */,
				36AA40B229E8727100C53A6B /* LandingViewController.swift */,
				36AA40B429E872D600C53A6B /* Builder.swift */,
			);
			path = Landing;
			sourceTree = "<group>";
		};
/* End PBXGroup section */

/* Begin PBXHeadersBuildPhase section */
		3668149E29E7FFC4001FCD89 /* Headers */ = {
			isa = PBXHeadersBuildPhase;
			buildActionMask = 2147483647;
			files = (
				366814A829E7FFC4001FCD89 /* Window.h in Headers */,
			);
			runOnlyForDeploymentPostprocessing = 0;
		};
		36E7EE8729E80B6D0007361A /* Headers */ = {
			isa = PBXHeadersBuildPhase;
			buildActionMask = 2147483647;
			files = (
				36E7EE9129E80B6D0007361A /* Landing.h in Headers */,
			);
			runOnlyForDeploymentPostprocessing = 0;
		};
/* End PBXHeadersBuildPhase section */

/* Begin PBXNativeTarget section */
		3668148529E7FEAB001FCD89 /* ChitChat */ = {
			isa = PBXNativeTarget;
			buildConfigurationList = 3668149A29E7FEAC001FCD89 /* Build configuration list for PBXNativeTarget "ChitChat" */;
			buildPhases = (
				3668148229E7FEAB001FCD89 /* Sources */,
				3668148329E7FEAB001FCD89 /* Frameworks */,
				3668148429E7FEAB001FCD89 /* Resources */,
				366814B029E7FFC4001FCD89 /* Embed Frameworks */,
			);
			buildRules = (
			);
			dependencies = (
				366814AA29E7FFC4001FCD89 /* PBXTargetDependency */,
				36E7EE9329E80B6D0007361A /* PBXTargetDependency */,
			);
			name = ChitChat;
			productName = ChitChat;
			productReference = 3668148629E7FEAB001FCD89 /* ChitChat.app */;
			productType = "com.apple.product-type.application";
		};
		366814A229E7FFC4001FCD89 /* Window */ = {
			isa = PBXNativeTarget;
			buildConfigurationList = 366814AD29E7FFC4001FCD89 /* Build configuration list for PBXNativeTarget "Window" */;
			buildPhases = (
				3668149E29E7FFC4001FCD89 /* Headers */,
				3668149F29E7FFC4001FCD89 /* Sources */,
				366814A029E7FFC4001FCD89 /* Frameworks */,
				366814A129E7FFC4001FCD89 /* Resources */,
			);
			buildRules = (
			);
			dependencies = (
			);
			name = Window;
			productName = Window;
			productReference = 366814A329E7FFC4001FCD89 /* Window.framework */;
			productType = "com.apple.product-type.framework";
		};
		36E7EE8B29E80B6D0007361A /* Landing */ = {
			isa = PBXNativeTarget;
			buildConfigurationList = 36E7EE9829E80B6D0007361A /* Build configuration list for PBXNativeTarget "Landing" */;
			buildPhases = (
				36E7EE8729E80B6D0007361A /* Headers */,
				36E7EE8829E80B6D0007361A /* Sources */,
				36E7EE8929E80B6D0007361A /* Frameworks */,
				36E7EE8A29E80B6D0007361A /* Resources */,
			);
			buildRules = (
			);
			dependencies = (
			);
			name = Landing;
			productName = Landing;
			productReference = 36E7EE8C29E80B6D0007361A /* Landing.framework */;
			productType = "com.apple.product-type.framework";
		};
/* End PBXNativeTarget section */

/* Begin PBXProject section */
		3668147E29E7FEAB001FCD89 /* Project object */ = {
			isa = PBXProject;
			attributes = {
				BuildIndependentTargetsInParallel = 1;
				LastSwiftUpdateCheck = 1430;
				LastUpgradeCheck = 1430;
				TargetAttributes = {
					3668148529E7FEAB001FCD89 = {
						CreatedOnToolsVersion = 14.3;
					};
					366814A229E7FFC4001FCD89 = {
						CreatedOnToolsVersion = 14.3;
					};
					36E7EE8B29E80B6D0007361A = {
						CreatedOnToolsVersion = 14.3;
					};
				};
			};
			buildConfigurationList = 3668148129E7FEAB001FCD89 /* Build configuration list for PBXProject "ChitChat" */;
			compatibilityVersion = "Xcode 14.0";
			developmentRegion = en;
			hasScannedForEncodings = 0;
			knownRegions = (
				en,
				Base,
			);
			mainGroup = 3668147D29E7FEAB001FCD89;
			productRefGroup = 3668148729E7FEAB001FCD89 /* Products */;
			projectDirPath = "";
			projectRoot = "";
			targets = (
				3668148529E7FEAB001FCD89 /* ChitChat */,
				366814A229E7FFC4001FCD89 /* Window */,
				36E7EE8B29E80B6D0007361A /* Landing */,
			);
		};
/* End PBXProject section */

/* Begin PBXResourcesBuildPhase section */
		3668148429E7FEAB001FCD89 /* Resources */ = {
			isa = PBXResourcesBuildPhase;
			buildActionMask = 2147483647;
			files = (
				3668149629E7FEAC001FCD89 /* LaunchScreen.storyboard in Resources */,
				3668149329E7FEAC001FCD89 /* Assets.xcassets in Resources */,
				3668149129E7FEAB001FCD89 /* Main.storyboard in Resources */,
			);
			runOnlyForDeploymentPostprocessing = 0;
		};
		366814A129E7FFC4001FCD89 /* Resources */ = {
			isa = PBXResourcesBuildPhase;
			buildActionMask = 2147483647;
			files = (
			);
			runOnlyForDeploymentPostprocessing = 0;
		};
		36E7EE8A29E80B6D0007361A /* Resources */ = {
			isa = PBXResourcesBuildPhase;
			buildActionMask = 2147483647;
			files = (
				36AA40B129E8724800C53A6B /* Landing.storyboard in Resources */,
			);
			runOnlyForDeploymentPostprocessing = 0;
		};
/* End PBXResourcesBuildPhase section */

/* Begin PBXSourcesBuildPhase section */
		3668148229E7FEAB001FCD89 /* Sources */ = {
			isa = PBXSourcesBuildPhase;
			buildActionMask = 2147483647;
			files = (
				3668148E29E7FEAB001FCD89 /* ViewController.swift in Sources */,
				3668148A29E7FEAB001FCD89 /* AppDelegate.swift in Sources */,
				3668148C29E7FEAB001FCD89 /* SceneDelegate.swift in Sources */,
			);
			runOnlyForDeploymentPostprocessing = 0;
		};
		3668149F29E7FFC4001FCD89 /* Sources */ = {
			isa = PBXSourcesBuildPhase;
			buildActionMask = 2147483647;
			files = (
				366814B629E801FD001FCD89 /* Router.swift in Sources */,
				366814B429E80134001FCD89 /* Presenter.swift in Sources */,
				366814A729E7FFC4001FCD89 /* Window.docc in Sources */,
				366814B229E800AB001FCD89 /* Window.swift in Sources */,
				366814B829E802F3001FCD89 /* Builder.swift in Sources */,
			);
			runOnlyForDeploymentPostprocessing = 0;
		};
		36E7EE8829E80B6D0007361A /* Sources */ = {
			isa = PBXSourcesBuildPhase;
			buildActionMask = 2147483647;
			files = (
				36AA40B329E8727100C53A6B /* LandingViewController.swift in Sources */,
				36E7EE9029E80B6D0007361A /* Landing.docc in Sources */,
				36AA40B529E872D600C53A6B /* Builder.swift in Sources */,
			);
			runOnlyForDeploymentPostprocessing = 0;
		};
/* End PBXSourcesBuildPhase section */

/* Begin PBXTargetDependency section */
		366814AA29E7FFC4001FCD89 /* PBXTargetDependency */ = {
			isa = PBXTargetDependency;
			target = 366814A229E7FFC4001FCD89 /* Window */;
			targetProxy = 366814A929E7FFC4001FCD89 /* PBXContainerItemProxy */;
		};
		36E7EE9329E80B6D0007361A /* PBXTargetDependency */ = {
			isa = PBXTargetDependency;
			target = 36E7EE8B29E80B6D0007361A /* Landing */;
			targetProxy = 36E7EE9229E80B6D0007361A /* PBXContainerItemProxy */;
		};
/* End PBXTargetDependency section */

/* Begin PBXVariantGroup section */
		3668148F29E7FEAB001FCD89 /* Main.storyboard */ = {
			isa = PBXVariantGroup;
			children = (
				3668149029E7FEAB001FCD89 /* Base */,
			);
			name = Main.storyboard;
			sourceTree = "<group>";
		};
		3668149429E7FEAC001FCD89 /* LaunchScreen.storyboard */ = {
			isa = PBXVariantGroup;
			children = (
				3668149529E7FEAC001FCD89 /* Base */,
			);
			name = LaunchScreen.storyboard;
			sourceTree = "<group>";
		};
/* End PBXVariantGroup section */

/* Begin XCBuildConfiguration section */
		3668149829E7FEAC001FCD89 /* Debug */ = {
			isa = XCBuildConfiguration;
			buildSettings = {
				ALWAYS_SEARCH_USER_PATHS = NO;
				CLANG_ANALYZER_NONNULL = YES;
				CLANG_ANALYZER_NUMBER_OBJECT_CONVERSION = YES_AGGRESSIVE;
				CLANG_CXX_LANGUAGE_STANDARD = "gnu++20";
				CLANG_ENABLE_MODULES = YES;
				CLANG_ENABLE_OBJC_ARC = YES;
				CLANG_ENABLE_OBJC_WEAK = YES;
				CLANG_WARN_BLOCK_CAPTURE_AUTORELEASING = YES;
				CLANG_WARN_BOOL_CONVERSION = YES;
				CLANG_WARN_COMMA = YES;
				CLANG_WARN_CONSTANT_CONVERSION = YES;
				CLANG_WARN_DEPRECATED_OBJC_IMPLEMENTATIONS = YES;
				CLANG_WARN_DIRECT_OBJC_ISA_USAGE = YES_ERROR;
				CLANG_WARN_DOCUMENTATION_COMMENTS = YES;
				CLANG_WARN_EMPTY_BODY = YES;
				CLANG_WARN_ENUM_CONVERSION = YES;
				CLANG_WARN_INFINITE_RECURSION = YES;
				CLANG_WARN_INT_CONVERSION = YES;
				CLANG_WARN_NON_LITERAL_NULL_CONVERSION = YES;
				CLANG_WARN_OBJC_IMPLICIT_RETAIN_SELF = YES;
				CLANG_WARN_OBJC_LITERAL_CONVERSION = YES;
				CLANG_WARN_OBJC_ROOT_CLASS = YES_ERROR;
				CLANG_WARN_QUOTED_INCLUDE_IN_FRAMEWORK_HEADER = YES;
				CLANG_WARN_RANGE_LOOP_ANALYSIS = YES;
				CLANG_WARN_STRICT_PROTOTYPES = YES;
				CLANG_WARN_SUSPICIOUS_MOVE = YES;
				CLANG_WARN_UNGUARDED_AVAILABILITY = YES_AGGRESSIVE;
				CLANG_WARN_UNREACHABLE_CODE = YES;
				CLANG_WARN__DUPLICATE_METHOD_MATCH = YES;
				COPY_PHASE_STRIP = NO;
				DEBUG_INFORMATION_FORMAT = dwarf;
				ENABLE_STRICT_OBJC_MSGSEND = YES;
				ENABLE_TESTABILITY = YES;
				GCC_C_LANGUAGE_STANDARD = gnu11;
				GCC_DYNAMIC_NO_PIC = NO;
				GCC_NO_COMMON_BLOCKS = YES;
				GCC_OPTIMIZATION_LEVEL = 0;
				GCC_PREPROCESSOR_DEFINITIONS = (
					"DEBUG=1",
					"$(inherited)",
				);
				GCC_WARN_64_TO_32_BIT_CONVERSION = YES;
				GCC_WARN_ABOUT_RETURN_TYPE = YES_ERROR;
				GCC_WARN_UNDECLARED_SELECTOR = YES;
				GCC_WARN_UNINITIALIZED_AUTOS = YES_AGGRESSIVE;
				GCC_WARN_UNUSED_FUNCTION = YES;
				GCC_WARN_UNUSED_VARIABLE = YES;
				IPHONEOS_DEPLOYMENT_TARGET = 16.4;
				MTL_ENABLE_DEBUG_INFO = INCLUDE_SOURCE;
				MTL_FAST_MATH = YES;
				ONLY_ACTIVE_ARCH = YES;
				SDKROOT = iphoneos;
				SWIFT_ACTIVE_COMPILATION_CONDITIONS = DEBUG;
				SWIFT_OPTIMIZATION_LEVEL = "-Onone";
			};
			name = Debug;
		};
		3668149929E7FEAC001FCD89 /* Release */ = {
			isa = XCBuildConfiguration;
			buildSettings = {
				ALWAYS_SEARCH_USER_PATHS = NO;
				CLANG_ANALYZER_NONNULL = YES;
				CLANG_ANALYZER_NUMBER_OBJECT_CONVERSION = YES_AGGRESSIVE;
				CLANG_CXX_LANGUAGE_STANDARD = "gnu++20";
				CLANG_ENABLE_MODULES = YES;
				CLANG_ENABLE_OBJC_ARC = YES;
				CLANG_ENABLE_OBJC_WEAK = YES;
				CLANG_WARN_BLOCK_CAPTURE_AUTORELEASING = YES;
				CLANG_WARN_BOOL_CONVERSION = YES;
				CLANG_WARN_COMMA = YES;
				CLANG_WARN_CONSTANT_CONVERSION = YES;
				CLANG_WARN_DEPRECATED_OBJC_IMPLEMENTATIONS = YES;
				CLANG_WARN_DIRECT_OBJC_ISA_USAGE = YES_ERROR;
				CLANG_WARN_DOCUMENTATION_COMMENTS = YES;
				CLANG_WARN_EMPTY_BODY = YES;
				CLANG_WARN_ENUM_CONVERSION = YES;
				CLANG_WARN_INFINITE_RECURSION = YES;
				CLANG_WARN_INT_CONVERSION = YES;
				CLANG_WARN_NON_LITERAL_NULL_CONVERSION = YES;
				CLANG_WARN_OBJC_IMPLICIT_RETAIN_SELF = YES;
				CLANG_WARN_OBJC_LITERAL_CONVERSION = YES;
				CLANG_WARN_OBJC_ROOT_CLASS = YES_ERROR;
				CLANG_WARN_QUOTED_INCLUDE_IN_FRAMEWORK_HEADER = YES;
				CLANG_WARN_RANGE_LOOP_ANALYSIS = YES;
				CLANG_WARN_STRICT_PROTOTYPES = YES;
				CLANG_WARN_SUSPICIOUS_MOVE = YES;
				CLANG_WARN_UNGUARDED_AVAILABILITY = YES_AGGRESSIVE;
				CLANG_WARN_UNREACHABLE_CODE = YES;
				CLANG_WARN__DUPLICATE_METHOD_MATCH = YES;
				COPY_PHASE_STRIP = NO;
				DEBUG_INFORMATION_FORMAT = "dwarf-with-dsym";
				ENABLE_NS_ASSERTIONS = NO;
				ENABLE_STRICT_OBJC_MSGSEND = YES;
				GCC_C_LANGUAGE_STANDARD = gnu11;
				GCC_NO_COMMON_BLOCKS = YES;
				GCC_WARN_64_TO_32_BIT_CONVERSION = YES;
				GCC_WARN_ABOUT_RETURN_TYPE = YES_ERROR;
				GCC_WARN_UNDECLARED_SELECTOR = YES;
				GCC_WARN_UNINITIALIZED_AUTOS = YES_AGGRESSIVE;
				GCC_WARN_UNUSED_FUNCTION = YES;
				GCC_WARN_UNUSED_VARIABLE = YES;
				IPHONEOS_DEPLOYMENT_TARGET = 16.4;
				MTL_ENABLE_DEBUG_INFO = NO;
				MTL_FAST_MATH = YES;
				SDKROOT = iphoneos;
				SWIFT_COMPILATION_MODE = wholemodule;
				SWIFT_OPTIMIZATION_LEVEL = "-O";
				VALIDATE_PRODUCT = YES;
			};
			name = Release;
		};
		3668149B29E7FEAC001FCD89 /* Debug */ = {
			isa = XCBuildConfiguration;
			buildSettings = {
				ALWAYS_EMBED_SWIFT_STANDARD_LIBRARIES = YES;
				ASSETCATALOG_COMPILER_APPICON_NAME = AppIcon;
				ASSETCATALOG_COMPILER_GLOBAL_ACCENT_COLOR_NAME = AccentColor;
				CODE_SIGN_STYLE = Automatic;
				CURRENT_PROJECT_VERSION = 1;
				DEVELOPMENT_TEAM = AU882HP6MX;
				GENERATE_INFOPLIST_FILE = YES;
				INFOPLIST_FILE = ChitChat/Info.plist;
				INFOPLIST_KEY_UIApplicationSupportsIndirectInputEvents = YES;
				INFOPLIST_KEY_UILaunchStoryboardName = LaunchScreen;
				INFOPLIST_KEY_UIMainStoryboardFile = Main;
				INFOPLIST_KEY_UISupportedInterfaceOrientations = UIInterfaceOrientationPortrait;
				INFOPLIST_KEY_UISupportedInterfaceOrientations_iPad = "UIInterfaceOrientationLandscapeLeft UIInterfaceOrientationLandscapeRight UIInterfaceOrientationPortrait UIInterfaceOrientationPortraitUpsideDown";
				IPHONEOS_DEPLOYMENT_TARGET = 13.0;
				LD_RUNPATH_SEARCH_PATHS = (
					"$(inherited)",
					"@executable_path/Frameworks",
				);
				MARKETING_VERSION = 1.0;
				PRODUCT_BUNDLE_IDENTIFIER = IcyChoo.ChitChat;
				PRODUCT_NAME = "$(TARGET_NAME)";
				SWIFT_EMIT_LOC_STRINGS = YES;
				SWIFT_VERSION = 5.0;
				TARGETED_DEVICE_FAMILY = "1,2";
			};
			name = Debug;
		};
		3668149C29E7FEAC001FCD89 /* Release */ = {
			isa = XCBuildConfiguration;
			buildSettings = {
				ALWAYS_EMBED_SWIFT_STANDARD_LIBRARIES = YES;
				ASSETCATALOG_COMPILER_APPICON_NAME = AppIcon;
				ASSETCATALOG_COMPILER_GLOBAL_ACCENT_COLOR_NAME = AccentColor;
				CODE_SIGN_STYLE = Automatic;
				CURRENT_PROJECT_VERSION = 1;
				DEVELOPMENT_TEAM = AU882HP6MX;
				GENERATE_INFOPLIST_FILE = YES;
				INFOPLIST_FILE = ChitChat/Info.plist;
				INFOPLIST_KEY_UIApplicationSupportsIndirectInputEvents = YES;
				INFOPLIST_KEY_UILaunchStoryboardName = LaunchScreen;
				INFOPLIST_KEY_UIMainStoryboardFile = Main;
				INFOPLIST_KEY_UISupportedInterfaceOrientations = UIInterfaceOrientationPortrait;
				INFOPLIST_KEY_UISupportedInterfaceOrientations_iPad = "UIInterfaceOrientationLandscapeLeft UIInterfaceOrientationLandscapeRight UIInterfaceOrientationPortrait UIInterfaceOrientationPortraitUpsideDown";
				IPHONEOS_DEPLOYMENT_TARGET = 13.0;
				LD_RUNPATH_SEARCH_PATHS = (
					"$(inherited)",
					"@executable_path/Frameworks",
				);
				MARKETING_VERSION = 1.0;
				PRODUCT_BUNDLE_IDENTIFIER = IcyChoo.ChitChat;
				PRODUCT_NAME = "$(TARGET_NAME)";
				SWIFT_EMIT_LOC_STRINGS = YES;
				SWIFT_VERSION = 5.0;
				TARGETED_DEVICE_FAMILY = "1,2";
			};
			name = Release;
		};
		366814AE29E7FFC4001FCD89 /* Debug */ = {
			isa = XCBuildConfiguration;
			buildSettings = {
				CODE_SIGN_STYLE = Automatic;
				CURRENT_PROJECT_VERSION = 1;
				DEFINES_MODULE = YES;
				DEVELOPMENT_TEAM = AU882HP6MX;
				DYLIB_COMPATIBILITY_VERSION = 1;
				DYLIB_CURRENT_VERSION = 1;
				DYLIB_INSTALL_NAME_BASE = "@rpath";
				ENABLE_MODULE_VERIFIER = YES;
				GENERATE_INFOPLIST_FILE = YES;
				INFOPLIST_KEY_NSHumanReadableCopyright = "";
				INSTALL_PATH = "$(LOCAL_LIBRARY_DIR)/Frameworks";
				IPHONEOS_DEPLOYMENT_TARGET = 13.0;
				LD_RUNPATH_SEARCH_PATHS = (
					"$(inherited)",
					"@executable_path/Frameworks",
					"@loader_path/Frameworks",
				);
				MARKETING_VERSION = 1.0;
				MODULE_VERIFIER_SUPPORTED_LANGUAGES = "objective-c objective-c++";
				MODULE_VERIFIER_SUPPORTED_LANGUAGE_STANDARDS = "gnu11 gnu++20";
				PRODUCT_BUNDLE_IDENTIFIER = IcyChoo.Window;
				PRODUCT_NAME = "$(TARGET_NAME:c99extidentifier)";
				SKIP_INSTALL = YES;
				SWIFT_EMIT_LOC_STRINGS = YES;
				SWIFT_VERSION = 5.0;
				TARGETED_DEVICE_FAMILY = "1,2";
				VERSIONING_SYSTEM = "apple-generic";
				VERSION_INFO_PREFIX = "";
			};
			name = Debug;
		};
		366814AF29E7FFC4001FCD89 /* Release */ = {
			isa = XCBuildConfiguration;
			buildSettings = {
				CODE_SIGN_STYLE = Automatic;
				CURRENT_PROJECT_VERSION = 1;
				DEFINES_MODULE = YES;
				DEVELOPMENT_TEAM = AU882HP6MX;
				DYLIB_COMPATIBILITY_VERSION = 1;
				DYLIB_CURRENT_VERSION = 1;
				DYLIB_INSTALL_NAME_BASE = "@rpath";
				ENABLE_MODULE_VERIFIER = YES;
				GENERATE_INFOPLIST_FILE = YES;
				INFOPLIST_KEY_NSHumanReadableCopyright = "";
				INSTALL_PATH = "$(LOCAL_LIBRARY_DIR)/Frameworks";
				IPHONEOS_DEPLOYMENT_TARGET = 13.0;
				LD_RUNPATH_SEARCH_PATHS = (
					"$(inherited)",
					"@executable_path/Frameworks",
					"@loader_path/Frameworks",
				);
				MARKETING_VERSION = 1.0;
				MODULE_VERIFIER_SUPPORTED_LANGUAGES = "objective-c objective-c++";
				MODULE_VERIFIER_SUPPORTED_LANGUAGE_STANDARDS = "gnu11 gnu++20";
				PRODUCT_BUNDLE_IDENTIFIER = IcyChoo.Window;
				PRODUCT_NAME = "$(TARGET_NAME:c99extidentifier)";
				SKIP_INSTALL = YES;
				SWIFT_EMIT_LOC_STRINGS = YES;
				SWIFT_VERSION = 5.0;
				TARGETED_DEVICE_FAMILY = "1,2";
				VERSIONING_SYSTEM = "apple-generic";
				VERSION_INFO_PREFIX = "";
			};
			name = Release;
		};
		36E7EE9629E80B6D0007361A /* Debug */ = {
			isa = XCBuildConfiguration;
			buildSettings = {
				CODE_SIGN_STYLE = Automatic;
				CURRENT_PROJECT_VERSION = 1;
				DEFINES_MODULE = YES;
				DEVELOPMENT_TEAM = AU882HP6MX;
				DYLIB_COMPATIBILITY_VERSION = 1;
				DYLIB_CURRENT_VERSION = 1;
				DYLIB_INSTALL_NAME_BASE = "@rpath";
				ENABLE_MODULE_VERIFIER = YES;
				GENERATE_INFOPLIST_FILE = YES;
				INFOPLIST_KEY_NSHumanReadableCopyright = "";
				INSTALL_PATH = "$(LOCAL_LIBRARY_DIR)/Frameworks";
				LD_RUNPATH_SEARCH_PATHS = (
					"$(inherited)",
					"@executable_path/Frameworks",
					"@loader_path/Frameworks",
				);
				MARKETING_VERSION = 1.0;
				MODULE_VERIFIER_SUPPORTED_LANGUAGES = "objective-c objective-c++";
				MODULE_VERIFIER_SUPPORTED_LANGUAGE_STANDARDS = "gnu11 gnu++20";
				PRODUCT_BUNDLE_IDENTIFIER = IcyChoo.Landing;
				PRODUCT_NAME = "$(TARGET_NAME:c99extidentifier)";
				SKIP_INSTALL = YES;
				SWIFT_EMIT_LOC_STRINGS = YES;
				SWIFT_VERSION = 5.0;
				TARGETED_DEVICE_FAMILY = "1,2";
				VERSIONING_SYSTEM = "apple-generic";
				VERSION_INFO_PREFIX = "";
			};
			name = Debug;
		};
		36E7EE9729E80B6D0007361A /* Release */ = {
			isa = XCBuildConfiguration;
			buildSettings = {
				CODE_SIGN_STYLE = Automatic;
				CURRENT_PROJECT_VERSION = 1;
				DEFINES_MODULE = YES;
				DEVELOPMENT_TEAM = AU882HP6MX;
				DYLIB_COMPATIBILITY_VERSION = 1;
				DYLIB_CURRENT_VERSION = 1;
				DYLIB_INSTALL_NAME_BASE = "@rpath";
				ENABLE_MODULE_VERIFIER = YES;
				GENERATE_INFOPLIST_FILE = YES;
				INFOPLIST_KEY_NSHumanReadableCopyright = "";
				INSTALL_PATH = "$(LOCAL_LIBRARY_DIR)/Frameworks";
				LD_RUNPATH_SEARCH_PATHS = (
					"$(inherited)",
					"@executable_path/Frameworks",
					"@loader_path/Frameworks",
				);
				MARKETING_VERSION = 1.0;
				MODULE_VERIFIER_SUPPORTED_LANGUAGES = "objective-c objective-c++";
				MODULE_VERIFIER_SUPPORTED_LANGUAGE_STANDARDS = "gnu11 gnu++20";
				PRODUCT_BUNDLE_IDENTIFIER = IcyChoo.Landing;
				PRODUCT_NAME = "$(TARGET_NAME:c99extidentifier)";
				SKIP_INSTALL = YES;
				SWIFT_EMIT_LOC_STRINGS = YES;
				SWIFT_VERSION = 5.0;
				TARGETED_DEVICE_FAMILY = "1,2";
				VERSIONING_SYSTEM = "apple-generic";
				VERSION_INFO_PREFIX = "";
			};
			name = Release;
		};
/* End XCBuildConfiguration section */

/* Begin XCConfigurationList section */
		3668148129E7FEAB001FCD89 /* Build configuration list for PBXProject "ChitChat" */ = {
			isa = XCConfigurationList;
			buildConfigurations = (
				3668149829E7FEAC001FCD89 /* Debug */,
				3668149929E7FEAC001FCD89 /* Release */,
			);
			defaultConfigurationIsVisible = 0;
			defaultConfigurationName = Release;
		};
		3668149A29E7FEAC001FCD89 /* Build configuration list for PBXNativeTarget "ChitChat" */ = {
			isa = XCConfigurationList;
			buildConfigurations = (
				3668149B29E7FEAC001FCD89 /* Debug */,
				3668149C29E7FEAC001FCD89 /* Release */,
			);
			defaultConfigurationIsVisible = 0;
			defaultConfigurationName = Release;
		};
		366814AD29E7FFC4001FCD89 /* Build configuration list for PBXNativeTarget "Window" */ = {
			isa = XCConfigurationList;
			buildConfigurations = (
				366814AE29E7FFC4001FCD89 /* Debug */,
				366814AF29E7FFC4001FCD89 /* Release */,
			);
			defaultConfigurationIsVisible = 0;
			defaultConfigurationName = Release;
		};
		36E7EE9829E80B6D0007361A /* Build configuration list for PBXNativeTarget "Landing" */ = {
			isa = XCConfigurationList;
			buildConfigurations = (
				36E7EE9629E80B6D0007361A /* Debug */,
				36E7EE9729E80B6D0007361A /* Release */,
			);
			defaultConfigurationIsVisible = 0;
			defaultConfigurationName = Release;
		};
/* End XCConfigurationList section */
	};
	rootObject = 3668147E29E7FEAB001FCD89 /* Project object */;
}
